
Microsoft Visual Studio Solution File, Format Version 12.00
# Visual Studio Version 16
VisualStudioVersion = 16.0.31025.194
MinimumVisualStudioVersion = 10.0.40219.1
Project("{8BC9CEB8-8B4A-11D0-8D11-00A0C91BC942}") = "Project1", "Project1\Project1.vcxproj", "{A249BBC3-9DE4-4B87-A6D0-BA93982D1186}"
EndProject
Global
	GlobalSection(SolutionConfigurationPlatforms) = preSolution
		Debug|x64 = Debug|x64
		Debug|x86 = Debug|x86
		Release|x64 = Release|x64
		Release|x86 = Release|x86
	EndGlobalSection
	GlobalSection(ProjectConfigurationPlatforms) = postSolution
		{A249BBC3-9DE4-4B87-A6D0-BA93982D1186}.Debug|x64.ActiveCfg = Debug|x64
		{A249BBC3-9DE4-4B87-A6D0-BA93982D1186}.Debug|x64.Build.0 = Debug|x64
		{A249BBC3-9DE4-4B87-A6D0-BA93982D1186}.Debug|x86.ActiveCfg = Debug|Win32
		{A249BBC3-9DE4-4B87-A6D0-BA93982D1186}.Debug|x86.Build.0 = Debug|Win32
		{A249BBC3-9DE4-4B87-A6D0-BA93982D1186}.Release|x64.ActiveCfg = Release|x64
		{A249BBC3-9DE4-4B87-A6D0-BA93982D1186}.Release|x64.Build.0 = Release|x64
		{A249BBC3-9DE4-4B87-A6D0-BA93982D1186}.Release|x86.ActiveCfg = Release|Win32
		{A249BBC3-9DE4-4B87-A6D0-BA93982D1186}.Release|x86.Build.0 = Release|Win32
	EndGlobalSection
	GlobalSection(SolutionProperties) = preSolution
		HideSolutionNode = FALSE
	EndGlobalSection
	GlobalSection(ExtensibilityGlobals) = postSolution
		SolutionGuid = {96B194E0-8924-4380-9E22-A31A54579215}
	EndGlobalSection
EndGlobal
